
Microsoft Visual Studio Solution File, Format Version 12.00
Project("{FAE04EC0-301F-11D3-BF4B-00C04F79EFBC}") = "SaveWise.Api", "SaveWise.Api\SaveWise.Api.csproj", "{B7673912-CEC7-4AF6-97E9-BD9F8648BC0C}"
EndProject
Project("{FAE04EC0-301F-11D3-BF4B-00C04F79EFBC}") = "SaveWise.DataLayer", "SaveWise.DataLayer\SaveWise.DataLayer.csproj", "{DD2418E0-84A7-4D7D-86BA-EAFC666A6EA2}"
EndProject
Global
	GlobalSection(SolutionConfigurationPlatforms) = preSolution
		Debug|Any CPU = Debug|Any CPU
		Release|Any CPU = Release|Any CPU
	EndGlobalSection
	GlobalSection(ProjectConfigurationPlatforms) = postSolution
		{B7673912-CEC7-4AF6-97E9-BD9F8648BC0C}.Debug|Any CPU.ActiveCfg = Debug|Any CPU
		{B7673912-CEC7-4AF6-97E9-BD9F8648BC0C}.Debug|Any CPU.Build.0 = Debug|Any CPU
		{B7673912-CEC7-4AF6-97E9-BD9F8648BC0C}.Release|Any CPU.ActiveCfg = Release|Any CPU
		{B7673912-CEC7-4AF6-97E9-BD9F8648BC0C}.Release|Any CPU.Build.0 = Release|Any CPU
		{DD2418E0-84A7-4D7D-86BA-EAFC666A6EA2}.Debug|Any CPU.ActiveCfg = Debug|Any CPU
		{DD2418E0-84A7-4D7D-86BA-EAFC666A6EA2}.Debug|Any CPU.Build.0 = Debug|Any CPU
		{DD2418E0-84A7-4D7D-86BA-EAFC666A6EA2}.Release|Any CPU.ActiveCfg = Release|Any CPU
		{DD2418E0-84A7-4D7D-86BA-EAFC666A6EA2}.Release|Any CPU.Build.0 = Release|Any CPU
	EndGlobalSection
EndGlobal
